
Microsoft Visual Studio Solution File, Format Version 12.00
# Visual Studio Version 16
VisualStudioVersion = 16.0.29009.5
MinimumVisualStudioVersion = 10.0.40219.1
Project("{2150E333-8FDC-42A3-9474-1A3956D46DE8}") = "Solution Items", "Solution Items", "{3A9F1B7C-7FB4-4292-87EF-C5A0EB53C24B}"
	ProjectSection(SolutionItems) = preProject
		.editorconfig = .editorconfig
		Directory.Build.props = Directory.Build.props
		README.md = README.md
		stylecop.json = stylecop.json
	EndProjectSection
EndProject
Project("{9A19103F-16F7-4668-BE54-9A1E7A4F7556}") = "UsefulAPI", "apps\UsefulAPI\UsefulAPI.csproj", "{70822F48-AD96-4ED0-A2DA-CB2C87AD7F4C}"
EndProject
Project("{9A19103F-16F7-4668-BE54-9A1E7A4F7556}") = "UsefulWeb", "apps\UsefulWeb\UsefulWeb.csproj", "{DF37B86F-9EB6-47B0-82C2-B83EE939D4E6}"
EndProject
Project("{2150E333-8FDC-42A3-9474-1A3956D46DE8}") = "apps", "apps", "{DC28570A-292F-4DC5-971E-39CBCA5BC882}"
	ProjectSection(SolutionItems) = preProject
		apps\Directory.Build.props = apps\Directory.Build.props
		apps\useful.apps.ruleset = apps\useful.apps.ruleset
	EndProjectSection
EndProject
Project("{2150E333-8FDC-42A3-9474-1A3956D46DE8}") = "test", "test", "{22E4FF0E-F363-451E-8D59-8F41C560DE57}"
	ProjectSection(SolutionItems) = preProject
		test\Directory.Build.props = test\Directory.Build.props
		test\useful.test.ruleset = test\useful.test.ruleset
		test\UsefulApp.Tests\UsefulWeb.Tests.csproj = test\UsefulApp.Tests\UsefulWeb.Tests.csproj
	EndProjectSection
EndProject
Project("{2150E333-8FDC-42A3-9474-1A3956D46DE8}") = "libs", "libs", "{32EC7DCC-3276-4493-860F-5E58FADEAF64}"
	ProjectSection(SolutionItems) = preProject
		libs\Directory.Build.props = libs\Directory.Build.props
		libs\useful.libs.ruleset = libs\useful.libs.ruleset
	EndProjectSection
EndProject
Project("{9A19103F-16F7-4668-BE54-9A1E7A4F7556}") = "Useful.Security.Cryptography", "libs\Useful.Security.Cryptography\Useful.Security.Cryptography.csproj", "{DA378A81-AA3A-4EC9-9AF8-D4A48C81BC7A}"
EndProject
Project("{9A19103F-16F7-4668-BE54-9A1E7A4F7556}") = "Useful.Security.Cryptography.UI", "libs\Useful.Security.Cryptography.UI\Useful.Security.Cryptography.UI.csproj", "{EFF136B3-DFB4-4D1B-99C5-6B5BAF845E3A}"
EndProject
Project("{9A19103F-16F7-4668-BE54-9A1E7A4F7556}") = "Useful.Security.Cryptography.Tests", "test\Useful.Security.Cryptography.Tests\Useful.Security.Cryptography.Tests.csproj", "{2008FAA2-9EFA-43BE-A506-D14480CFD449}"
EndProject
Project("{9A19103F-16F7-4668-BE54-9A1E7A4F7556}") = "Useful.Security.Cryptography.UI.Tests", "test\Useful.Security.Cryptography.UI.Tests\Useful.Security.Cryptography.UI.Tests.csproj", "{7B5B68BB-9D2A-480C-BC37-8C498E0488C7}"
EndProject
Project("{9A19103F-16F7-4668-BE54-9A1E7A4F7556}") = "UsefulBlazor", "apps\UsefulBlazor\UsefulBlazor.csproj", "{EA4EFBD8-FDCA-4296-89C8-F21A8465ED96}"
EndProject
Project("{9A19103F-16F7-4668-BE54-9A1E7A4F7556}") = "Useful.Security.Cryptography.Streams", "libs\Useful.Security.Cryptography.Streams\Useful.Security.Cryptography.Streams.csproj", "{CC8D8BA3-0014-4576-BCEE-4C8C6E699513}"
EndProject
Project("{9A19103F-16F7-4668-BE54-9A1E7A4F7556}") = "Useful.Security.Cryptography.Streams.Tests", "test\Useful.Security.Cryptography.Streams.Tests\Useful.Security.Cryptography.Streams.Tests.csproj", "{5EC454EF-95C1-4D1C-A624-112DA0133834}"
EndProject
Project("{9A19103F-16F7-4668-BE54-9A1E7A4F7556}") = "UsefulAPI.Tests", "test\UsefulAPI.Tests\UsefulAPI.Tests.csproj", "{29C1934B-745B-4F10-9115-68DCB0EE2752}"
EndProject
Global
	GlobalSection(SolutionConfigurationPlatforms) = preSolution
		Debug|Any CPU = Debug|Any CPU
		Release|Any CPU = Release|Any CPU
	EndGlobalSection
	GlobalSection(ProjectConfigurationPlatforms) = postSolution
		{70822F48-AD96-4ED0-A2DA-CB2C87AD7F4C}.Debug|Any CPU.ActiveCfg = Debug|Any CPU
		{70822F48-AD96-4ED0-A2DA-CB2C87AD7F4C}.Debug|Any CPU.Build.0 = Debug|Any CPU
		{70822F48-AD96-4ED0-A2DA-CB2C87AD7F4C}.Release|Any CPU.ActiveCfg = Release|Any CPU
		{70822F48-AD96-4ED0-A2DA-CB2C87AD7F4C}.Release|Any CPU.Build.0 = Release|Any CPU
		{DF37B86F-9EB6-47B0-82C2-B83EE939D4E6}.Debug|Any CPU.ActiveCfg = Debug|Any CPU
		{DF37B86F-9EB6-47B0-82C2-B83EE939D4E6}.Debug|Any CPU.Build.0 = Debug|Any CPU
		{DF37B86F-9EB6-47B0-82C2-B83EE939D4E6}.Release|Any CPU.ActiveCfg = Release|Any CPU
		{DF37B86F-9EB6-47B0-82C2-B83EE939D4E6}.Release|Any CPU.Build.0 = Release|Any CPU
		{DA378A81-AA3A-4EC9-9AF8-D4A48C81BC7A}.Debug|Any CPU.ActiveCfg = Debug|Any CPU
		{DA378A81-AA3A-4EC9-9AF8-D4A48C81BC7A}.Debug|Any CPU.Build.0 = Debug|Any CPU
		{DA378A81-AA3A-4EC9-9AF8-D4A48C81BC7A}.Release|Any CPU.ActiveCfg = Release|Any CPU
		{DA378A81-AA3A-4EC9-9AF8-D4A48C81BC7A}.Release|Any CPU.Build.0 = Release|Any CPU
		{EFF136B3-DFB4-4D1B-99C5-6B5BAF845E3A}.Debug|Any CPU.ActiveCfg = Debug|Any CPU
		{EFF136B3-DFB4-4D1B-99C5-6B5BAF845E3A}.Debug|Any CPU.Build.0 = Debug|Any CPU
		{EFF136B3-DFB4-4D1B-99C5-6B5BAF845E3A}.Release|Any CPU.ActiveCfg = Release|Any CPU
		{EFF136B3-DFB4-4D1B-99C5-6B5BAF845E3A}.Release|Any CPU.Build.0 = Release|Any CPU
		{2008FAA2-9EFA-43BE-A506-D14480CFD449}.Debug|Any CPU.ActiveCfg = Debug|Any CPU
		{2008FAA2-9EFA-43BE-A506-D14480CFD449}.Debug|Any CPU.Build.0 = Debug|Any CPU
		{2008FAA2-9EFA-43BE-A506-D14480CFD449}.Release|Any CPU.ActiveCfg = Release|Any CPU
		{2008FAA2-9EFA-43BE-A506-D14480CFD449}.Release|Any CPU.Build.0 = Release|Any CPU
		{7B5B68BB-9D2A-480C-BC37-8C498E0488C7}.Debug|Any CPU.ActiveCfg = Debug|Any CPU
		{7B5B68BB-9D2A-480C-BC37-8C498E0488C7}.Debug|Any CPU.Build.0 = Debug|Any CPU
		{7B5B68BB-9D2A-480C-BC37-8C498E0488C7}.Release|Any CPU.ActiveCfg = Release|Any CPU
		{7B5B68BB-9D2A-480C-BC37-8C498E0488C7}.Release|Any CPU.Build.0 = Release|Any CPU
		{EA4EFBD8-FDCA-4296-89C8-F21A8465ED96}.Debug|Any CPU.ActiveCfg = Debug|Any CPU
		{EA4EFBD8-FDCA-4296-89C8-F21A8465ED96}.Debug|Any CPU.Build.0 = Debug|Any CPU
		{EA4EFBD8-FDCA-4296-89C8-F21A8465ED96}.Release|Any CPU.ActiveCfg = Release|Any CPU
		{EA4EFBD8-FDCA-4296-89C8-F21A8465ED96}.Release|Any CPU.Build.0 = Release|Any CPU
		{CC8D8BA3-0014-4576-BCEE-4C8C6E699513}.Debug|Any CPU.ActiveCfg = Debug|Any CPU
		{CC8D8BA3-0014-4576-BCEE-4C8C6E699513}.Debug|Any CPU.Build.0 = Debug|Any CPU
		{CC8D8BA3-0014-4576-BCEE-4C8C6E699513}.Release|Any CPU.ActiveCfg = Release|Any CPU
		{CC8D8BA3-0014-4576-BCEE-4C8C6E699513}.Release|Any CPU.Build.0 = Release|Any CPU
		{5EC454EF-95C1-4D1C-A624-112DA0133834}.Debug|Any CPU.ActiveCfg = Debug|Any CPU
		{5EC454EF-95C1-4D1C-A624-112DA0133834}.Debug|Any CPU.Build.0 = Debug|Any CPU
		{5EC454EF-95C1-4D1C-A624-112DA0133834}.Release|Any CPU.ActiveCfg = Release|Any CPU
		{5EC454EF-95C1-4D1C-A624-112DA0133834}.Release|Any CPU.Build.0 = Release|Any CPU
		{29C1934B-745B-4F10-9115-68DCB0EE2752}.Debug|Any CPU.ActiveCfg = Debug|Any CPU
		{29C1934B-745B-4F10-9115-68DCB0EE2752}.Debug|Any CPU.Build.0 = Debug|Any CPU
		{29C1934B-745B-4F10-9115-68DCB0EE2752}.Release|Any CPU.ActiveCfg = Release|Any CPU
		{29C1934B-745B-4F10-9115-68DCB0EE2752}.Release|Any CPU.Build.0 = Release|Any CPU
	EndGlobalSection
	GlobalSection(SolutionProperties) = preSolution
		HideSolutionNode = FALSE
	EndGlobalSection
	GlobalSection(NestedProjects) = preSolution
		{70822F48-AD96-4ED0-A2DA-CB2C87AD7F4C} = {DC28570A-292F-4DC5-971E-39CBCA5BC882}
		{DF37B86F-9EB6-47B0-82C2-B83EE939D4E6} = {DC28570A-292F-4DC5-971E-39CBCA5BC882}
		{DA378A81-AA3A-4EC9-9AF8-D4A48C81BC7A} = {32EC7DCC-3276-4493-860F-5E58FADEAF64}
		{EFF136B3-DFB4-4D1B-99C5-6B5BAF845E3A} = {32EC7DCC-3276-4493-860F-5E58FADEAF64}
		{2008FAA2-9EFA-43BE-A506-D14480CFD449} = {22E4FF0E-F363-451E-8D59-8F41C560DE57}
		{7B5B68BB-9D2A-480C-BC37-8C498E0488C7} = {22E4FF0E-F363-451E-8D59-8F41C560DE57}
		{EA4EFBD8-FDCA-4296-89C8-F21A8465ED96} = {DC28570A-292F-4DC5-971E-39CBCA5BC882}
		{CC8D8BA3-0014-4576-BCEE-4C8C6E699513} = {32EC7DCC-3276-4493-860F-5E58FADEAF64}
		{5EC454EF-95C1-4D1C-A624-112DA0133834} = {22E4FF0E-F363-451E-8D59-8F41C560DE57}
		{29C1934B-745B-4F10-9115-68DCB0EE2752} = {22E4FF0E-F363-451E-8D59-8F41C560DE57}
	EndGlobalSection
	GlobalSection(ExtensibilityGlobals) = postSolution
		SolutionGuid = {CA7BCA01-7498-4498-A087-A28416E6B00B}
	EndGlobalSection
EndGlobal
