
Microsoft Visual Studio Solution File, Format Version 12.00
# Visual Studio 14
VisualStudioVersion = 14.0.25420.1
MinimumVisualStudioVersion = 10.0.40219.1
Project("{FAE04EC0-301F-11D3-BF4B-00C04F79EFBC}") = "UsefulWinForms", "..\src\UsefulWinForms\UsefulWinForms.csproj", "{CD485F7F-7FBB-40DA-9AC7-C43242F4F287}"
EndProject
Project("{FAE04EC0-301F-11D3-BF4B-00C04F79EFBC}") = "UsefulWPF", "..\src\UsefulWPF\UsefulWPF.csproj", "{0D6370B0-B6A8-4C62-B726-8F8AE51B0880}"
EndProject
Project("{FAE04EC0-301F-11D3-BF4B-00C04F79EFBC}") = "Useful", "..\src\Useful\Useful.csproj", "{03C39F3C-6BAE-4708-85C0-5D646F87FFE2}"
EndProject
Project("{FAE04EC0-301F-11D3-BF4B-00C04F79EFBC}") = "Useful.UnitTests", "..\src\Useful.UnitTests\Useful.UnitTests.csproj", "{A5524A40-9907-4E8D-A93E-5531397A9358}"
EndProject
Project("{FAE04EC0-301F-11D3-BF4B-00C04F79EFBC}") = "Useful.UI.UnitTests", "..\src\Useful.UI.UnitTests\Useful.UI.UnitTests.csproj", "{319E9BCD-15DF-47F3-95D5-655A4793E77A}"
EndProject
Project("{FAE04EC0-301F-11D3-BF4B-00C04F79EFBC}") = "Useful.UI", "..\src\Useful.UI\Useful.UI.csproj", "{EE625821-3C17-4707-B695-7512E54F6069}"
EndProject
Project("{FAE04EC0-301F-11D3-BF4B-00C04F79EFBC}") = "UsefulConsole", "..\src\UsefulConsole\UsefulConsole.csproj", "{822A7AC1-D082-4FB3-8E72-F21B35B5F343}"
EndProject
Project("{8BB2217D-0F2D-49D1-97BC-3654ED321F3B}") = "UsefulWeb", "..\src\UsefulWeb\UsefulWeb.xproj", "{A3E698ED-1672-4819-B380-023D4100BA06}"
EndProject
Global
	GlobalSection(SolutionConfigurationPlatforms) = preSolution
		Debug|Any CPU = Debug|Any CPU
		Release|Any CPU = Release|Any CPU
	EndGlobalSection
	GlobalSection(ProjectConfigurationPlatforms) = postSolution
		{CD485F7F-7FBB-40DA-9AC7-C43242F4F287}.Debug|Any CPU.ActiveCfg = Debug|Any CPU
		{CD485F7F-7FBB-40DA-9AC7-C43242F4F287}.Debug|Any CPU.Build.0 = Debug|Any CPU
		{CD485F7F-7FBB-40DA-9AC7-C43242F4F287}.Release|Any CPU.ActiveCfg = Release|Any CPU
		{CD485F7F-7FBB-40DA-9AC7-C43242F4F287}.Release|Any CPU.Build.0 = Release|Any CPU
		{0D6370B0-B6A8-4C62-B726-8F8AE51B0880}.Debug|Any CPU.ActiveCfg = Debug|Any CPU
		{0D6370B0-B6A8-4C62-B726-8F8AE51B0880}.Debug|Any CPU.Build.0 = Debug|Any CPU
		{0D6370B0-B6A8-4C62-B726-8F8AE51B0880}.Release|Any CPU.ActiveCfg = Release|Any CPU
		{0D6370B0-B6A8-4C62-B726-8F8AE51B0880}.Release|Any CPU.Build.0 = Release|Any CPU
		{03C39F3C-6BAE-4708-85C0-5D646F87FFE2}.Debug|Any CPU.ActiveCfg = Debug|Any CPU
		{03C39F3C-6BAE-4708-85C0-5D646F87FFE2}.Debug|Any CPU.Build.0 = Debug|Any CPU
		{03C39F3C-6BAE-4708-85C0-5D646F87FFE2}.Release|Any CPU.ActiveCfg = Release|Any CPU
		{03C39F3C-6BAE-4708-85C0-5D646F87FFE2}.Release|Any CPU.Build.0 = Release|Any CPU
		{A5524A40-9907-4E8D-A93E-5531397A9358}.Debug|Any CPU.ActiveCfg = Debug|Any CPU
		{A5524A40-9907-4E8D-A93E-5531397A9358}.Debug|Any CPU.Build.0 = Debug|Any CPU
		{A5524A40-9907-4E8D-A93E-5531397A9358}.Release|Any CPU.ActiveCfg = Release|Any CPU
		{A5524A40-9907-4E8D-A93E-5531397A9358}.Release|Any CPU.Build.0 = Release|Any CPU
		{319E9BCD-15DF-47F3-95D5-655A4793E77A}.Debug|Any CPU.ActiveCfg = Debug|Any CPU
		{319E9BCD-15DF-47F3-95D5-655A4793E77A}.Debug|Any CPU.Build.0 = Debug|Any CPU
		{319E9BCD-15DF-47F3-95D5-655A4793E77A}.Release|Any CPU.ActiveCfg = Release|Any CPU
		{319E9BCD-15DF-47F3-95D5-655A4793E77A}.Release|Any CPU.Build.0 = Release|Any CPU
		{EE625821-3C17-4707-B695-7512E54F6069}.Debug|Any CPU.ActiveCfg = Debug|Any CPU
		{EE625821-3C17-4707-B695-7512E54F6069}.Debug|Any CPU.Build.0 = Debug|Any CPU
		{EE625821-3C17-4707-B695-7512E54F6069}.Release|Any CPU.ActiveCfg = Release|Any CPU
		{EE625821-3C17-4707-B695-7512E54F6069}.Release|Any CPU.Build.0 = Release|Any CPU
		{822A7AC1-D082-4FB3-8E72-F21B35B5F343}.Debug|Any CPU.ActiveCfg = Debug|Any CPU
		{822A7AC1-D082-4FB3-8E72-F21B35B5F343}.Debug|Any CPU.Build.0 = Debug|Any CPU
		{822A7AC1-D082-4FB3-8E72-F21B35B5F343}.Release|Any CPU.ActiveCfg = Release|Any CPU
		{822A7AC1-D082-4FB3-8E72-F21B35B5F343}.Release|Any CPU.Build.0 = Release|Any CPU
		{A3E698ED-1672-4819-B380-023D4100BA06}.Debug|Any CPU.ActiveCfg = Debug|Any CPU
		{A3E698ED-1672-4819-B380-023D4100BA06}.Debug|Any CPU.Build.0 = Debug|Any CPU
		{A3E698ED-1672-4819-B380-023D4100BA06}.Release|Any CPU.ActiveCfg = Release|Any CPU
		{A3E698ED-1672-4819-B380-023D4100BA06}.Release|Any CPU.Build.0 = Release|Any CPU
	EndGlobalSection
	GlobalSection(SolutionProperties) = preSolution
		HideSolutionNode = FALSE
	EndGlobalSection
EndGlobal
