
Microsoft Visual Studio Solution File, Format Version 12.00
# Visual Studio 15
VisualStudioVersion = 15.0.27130.2024
MinimumVisualStudioVersion = 10.0.40219.1
Project("{9A19103F-16F7-4668-BE54-9A1E7A4F7556}") = "Useful", "..\src\Useful\Useful.csproj", "{03C39F3C-6BAE-4708-85C0-5D646F87FFE2}"
EndProject
Project("{2150E333-8FDC-42A3-9474-1A3956D46DE8}") = "Solution Items", "Solution Items", "{3A9F1B7C-7FB4-4292-87EF-C5A0EB53C24B}"
	ProjectSection(SolutionItems) = preProject
		..\Useful.ruleset = ..\Useful.ruleset
	EndProjectSection
EndProject
Project("{9A19103F-16F7-4668-BE54-9A1E7A4F7556}") = "UsefulConsole", "..\src\UsefulConsole\UsefulConsole.csproj", "{50095CCB-6B34-47A0-A729-884A34F385D9}"
EndProject
Project("{9A19103F-16F7-4668-BE54-9A1E7A4F7556}") = "Useful.UI", "..\src\Useful.UI\Useful.UI.csproj", "{2ADA4CF8-EC1D-4681-9457-58E512B50DE8}"
EndProject
Project("{9A19103F-16F7-4668-BE54-9A1E7A4F7556}") = "Useful.Interfaces", "..\src\Useful.Interfaces\Useful.Interfaces.csproj", "{193C19C0-1539-4F90-B7EA-973596FA35A8}"
EndProject
Project("{9A19103F-16F7-4668-BE54-9A1E7A4F7556}") = "UsefulAPI", "..\src\UsefulAPI\UsefulAPI.csproj", "{70822F48-AD96-4ED0-A2DA-CB2C87AD7F4C}"
EndProject
Project("{9A19103F-16F7-4668-BE54-9A1E7A4F7556}") = "UsefulWeb", "..\src\UsefulWeb\UsefulWeb.csproj", "{DF37B86F-9EB6-47B0-82C2-B83EE939D4E6}"
EndProject
Project("{9A19103F-16F7-4668-BE54-9A1E7A4F7556}") = "Useful.UnitTests", "..\src\Useful.UnitTests\Useful.UnitTests.csproj", "{F1008A6D-CE71-40C1-9558-7B1333265492}"
EndProject
Global
	GlobalSection(SolutionConfigurationPlatforms) = preSolution
		Debug|Any CPU = Debug|Any CPU
		Release|Any CPU = Release|Any CPU
	EndGlobalSection
	GlobalSection(ProjectConfigurationPlatforms) = postSolution
		{03C39F3C-6BAE-4708-85C0-5D646F87FFE2}.Debug|Any CPU.ActiveCfg = Debug|Any CPU
		{03C39F3C-6BAE-4708-85C0-5D646F87FFE2}.Debug|Any CPU.Build.0 = Debug|Any CPU
		{03C39F3C-6BAE-4708-85C0-5D646F87FFE2}.Release|Any CPU.ActiveCfg = Release|Any CPU
		{03C39F3C-6BAE-4708-85C0-5D646F87FFE2}.Release|Any CPU.Build.0 = Release|Any CPU
		{50095CCB-6B34-47A0-A729-884A34F385D9}.Debug|Any CPU.ActiveCfg = Debug|Any CPU
		{50095CCB-6B34-47A0-A729-884A34F385D9}.Debug|Any CPU.Build.0 = Debug|Any CPU
		{50095CCB-6B34-47A0-A729-884A34F385D9}.Release|Any CPU.ActiveCfg = Release|Any CPU
		{50095CCB-6B34-47A0-A729-884A34F385D9}.Release|Any CPU.Build.0 = Release|Any CPU
		{2ADA4CF8-EC1D-4681-9457-58E512B50DE8}.Debug|Any CPU.ActiveCfg = Debug|Any CPU
		{2ADA4CF8-EC1D-4681-9457-58E512B50DE8}.Debug|Any CPU.Build.0 = Debug|Any CPU
		{2ADA4CF8-EC1D-4681-9457-58E512B50DE8}.Release|Any CPU.ActiveCfg = Release|Any CPU
		{2ADA4CF8-EC1D-4681-9457-58E512B50DE8}.Release|Any CPU.Build.0 = Release|Any CPU
		{193C19C0-1539-4F90-B7EA-973596FA35A8}.Debug|Any CPU.ActiveCfg = Debug|Any CPU
		{193C19C0-1539-4F90-B7EA-973596FA35A8}.Debug|Any CPU.Build.0 = Debug|Any CPU
		{193C19C0-1539-4F90-B7EA-973596FA35A8}.Release|Any CPU.ActiveCfg = Release|Any CPU
		{193C19C0-1539-4F90-B7EA-973596FA35A8}.Release|Any CPU.Build.0 = Release|Any CPU
		{70822F48-AD96-4ED0-A2DA-CB2C87AD7F4C}.Debug|Any CPU.ActiveCfg = Debug|Any CPU
		{70822F48-AD96-4ED0-A2DA-CB2C87AD7F4C}.Debug|Any CPU.Build.0 = Debug|Any CPU
		{70822F48-AD96-4ED0-A2DA-CB2C87AD7F4C}.Release|Any CPU.ActiveCfg = Release|Any CPU
		{70822F48-AD96-4ED0-A2DA-CB2C87AD7F4C}.Release|Any CPU.Build.0 = Release|Any CPU
		{DF37B86F-9EB6-47B0-82C2-B83EE939D4E6}.Debug|Any CPU.ActiveCfg = Debug|Any CPU
		{DF37B86F-9EB6-47B0-82C2-B83EE939D4E6}.Debug|Any CPU.Build.0 = Debug|Any CPU
		{DF37B86F-9EB6-47B0-82C2-B83EE939D4E6}.Release|Any CPU.ActiveCfg = Release|Any CPU
		{DF37B86F-9EB6-47B0-82C2-B83EE939D4E6}.Release|Any CPU.Build.0 = Release|Any CPU
		{F1008A6D-CE71-40C1-9558-7B1333265492}.Debug|Any CPU.ActiveCfg = Debug|Any CPU
		{F1008A6D-CE71-40C1-9558-7B1333265492}.Debug|Any CPU.Build.0 = Debug|Any CPU
		{F1008A6D-CE71-40C1-9558-7B1333265492}.Release|Any CPU.ActiveCfg = Release|Any CPU
		{F1008A6D-CE71-40C1-9558-7B1333265492}.Release|Any CPU.Build.0 = Release|Any CPU
	EndGlobalSection
	GlobalSection(SolutionProperties) = preSolution
		HideSolutionNode = FALSE
	EndGlobalSection
	GlobalSection(ExtensibilityGlobals) = postSolution
		SolutionGuid = {CA7BCA01-7498-4498-A087-A28416E6B00B}
	EndGlobalSection
EndGlobal
